PODS:
  - Flutter (1.0.0)
  - integration_test (0.0.1):
    - Flutter
  - uxtracker_flutter_sdk (0.0.1):
    - Flutter
    - UXTrackerSDK (~> 0.0.1)
  - UXTrackerSDK (0.0.1)

DEPENDENCIES:
  - Flutter (from `Flutter`)
  - integration_test (from `.symlinks/plugins/integration_test/ios`)
  - uxtracker_flutter_sdk (from `.symlinks/plugins/uxtracker_flutter_sdk/ios`)

SPEC REPOS:
  trunk:
    - UXTrackerSDK

EXTERNAL SOURCES:
  Flutter:
    :path: Flutter
  integration_test:
    :path: ".symlinks/plugins/integration_test/ios"
  uxtracker_flutter_sdk:
    :path: ".symlinks/plugins/uxtracker_flutter_sdk/ios"

SPEC CHECKSUMS:
  Flutter: cabc95a1d2626b1b06e7179b784ebcf0c0cde467
  integration_test: 4a889634ef21a45d28d50d622cf412dc6d9f586e
  uxtracker_flutter_sdk: 15f896859cca2d039d1953d88605fb2677815c89
  UXTrackerSDK: c465644511f122f6646528e979fbdeac6f77a302

PODFILE CHECKSUM: 1857a7cdb7dfafe45f2b0e9a9af44644190f7506

COCOAPODS: 1.16.2
