PODS:
  - Flutter (1.0.0)
  - integration_test (0.0.1):
    - Flutter
  - uxtracker_flutter_sdk (0.0.1):
    - Flutter
    - UXTrackerSDK
  - UXTrackerSDK (1.0.0)

DEPENDENCIES:
  - Flutter (from `Flutter`)
  - integration_test (from `.symlinks/plugins/integration_test/ios`)
  - uxtracker_flutter_sdk (from `.symlinks/plugins/uxtracker_flutter_sdk/ios`)
  - "UXTrackerSDK (from `git@bitbucket.org:JorgeZB/uxtracker-ios-sdk.git`, tag `1.0.0`)"

EXTERNAL SOURCES:
  Flutter:
    :path: Flutter
  integration_test:
    :path: ".symlinks/plugins/integration_test/ios"
  uxtracker_flutter_sdk:
    :path: ".symlinks/plugins/uxtracker_flutter_sdk/ios"
  UXTrackerSDK:
    :git: "git@bitbucket.org:JorgeZB/uxtracker-ios-sdk.git"
    :tag: 1.0.0

CHECKOUT OPTIONS:
  UXTrackerSDK:
    :git: "git@bitbucket.org:JorgeZB/uxtracker-ios-sdk.git"
    :tag: 1.0.0

SPEC CHECKSUMS:
  Flutter: cabc95a1d2626b1b06e7179b784ebcf0c0cde467
  integration_test: 4a889634ef21a45d28d50d622cf412dc6d9f586e
  uxtracker_flutter_sdk: 306fbf973181c997bff5867fba0ba719c759fea5
  UXTrackerSDK: d673b33699fc8c8e8ab6a201f4e3781ea6948992

PODFILE CHECKSUM: 0524facaa3a2d4089669fac704967b8e05201df3

COCOAPODS: 1.16.2
