PODS:
  - Flutter (1.0.0)
  - integration_test (0.0.1):
    - Flutter
  - uxtracker_flutter_sdk (1.0.0-beta.1):
    - Flutter
    - UxTrackerSDK (= 1.0.0-beta.1)
  - UxTrackerSDK (1.0.0-beta.1)

DEPENDENCIES:
  - Flutter (from `Flutter`)
  - integration_test (from `.symlinks/plugins/integration_test/ios`)
  - uxtracker_flutter_sdk (from `.symlinks/plugins/uxtracker_flutter_sdk/ios`)
  - UxTrackerSDK (from `../../../uxtracker-sdk-ios`)

EXTERNAL SOURCES:
  Flutter:
    :path: Flutter
  integration_test:
    :path: ".symlinks/plugins/integration_test/ios"
  uxtracker_flutter_sdk:
    :path: ".symlinks/plugins/uxtracker_flutter_sdk/ios"
  UxTrackerSDK:
    :path: "../../../uxtracker-sdk-ios"

SPEC CHECKSUMS:
  Flutter: cabc95a1d2626b1b06e7179b784ebcf0c0cde467
  integration_test: 4a889634ef21a45d28d50d622cf412dc6d9f586e
  uxtracker_flutter_sdk: fb6eee078ab89417695171744823dfafc78b9a97
  UxTrackerSDK: 165fe650f63e2bf2f4bdc56b81618ac110ff5bd5

PODFILE CHECKSUM: c9b9dd231b6041679b0ce6679738403ac5300d55

COCOAPODS: 1.16.2
